
Microsoft Visual Studio Solution File, Format Version 11.00
# Visual Studio 2010
Project("{FAE04EC0-301F-11D3-BF4B-00C04F79EFBC}") = "Serialization_Unity3D_2017_NET46", "Assembly-CSharp.csproj", "{A8B5241C-D849-312D-9B90-18D2415A166E}"
EndProject
Project("{FAE04EC0-301F-11D3-BF4B-00C04F79EFBC}") = "Serialization_Unity3D_2017_NET46", "Assembly-CSharp-Editor.csproj", "{64FC37C7-F8E8-3B06-A4AE-FFB4CF6F4DBD}"
EndProject
Global
	GlobalSection(SolutionConfigurationPlatforms) = preSolution
		Debug|Any CPU = Debug|Any CPU
		Release|Any CPU = Release|Any CPU
	EndGlobalSection
	GlobalSection(ProjectConfigurationPlatforms) = postSolution
		{A8B5241C-D849-312D-9B90-18D2415A166E}.Debug|Any CPU.ActiveCfg = Debug|Any CPU
		{A8B5241C-D849-312D-9B90-18D2415A166E}.Debug|Any CPU.Build.0 = Debug|Any CPU
		{A8B5241C-D849-312D-9B90-18D2415A166E}.Release|Any CPU.ActiveCfg = Release|Any CPU
		{A8B5241C-D849-312D-9B90-18D2415A166E}.Release|Any CPU.Build.0 = Release|Any CPU
		{64FC37C7-F8E8-3B06-A4AE-FFB4CF6F4DBD}.Debug|Any CPU.ActiveCfg = Debug|Any CPU
		{64FC37C7-F8E8-3B06-A4AE-FFB4CF6F4DBD}.Debug|Any CPU.Build.0 = Debug|Any CPU
		{64FC37C7-F8E8-3B06-A4AE-FFB4CF6F4DBD}.Release|Any CPU.ActiveCfg = Release|Any CPU
		{64FC37C7-F8E8-3B06-A4AE-FFB4CF6F4DBD}.Release|Any CPU.Build.0 = Release|Any CPU
	EndGlobalSection
	GlobalSection(SolutionProperties) = preSolution
		HideSolutionNode = FALSE
	EndGlobalSection
	GlobalSection(MonoDevelopProperties) = preSolution
		StartupItem = Assembly-CSharp.csproj
	EndGlobalSection
EndGlobal
